
Microsoft Visual Studio Solution File, Format Version 12.00
# Visual Studio 15
VisualStudioVersion = 15.0.28307.271
MinimumVisualStudioVersion = 10.0.40219.1
Project("{FAE04EC0-301F-11D3-BF4B-00C04F79EFBC}") = "TDDSample", "ConsoleApp1\TDDSample.csproj", "{888D90DC-11D5-4319-8889-1233B1A2553A}"
EndProject
Project("{FAE04EC0-301F-11D3-BF4B-00C04F79EFBC}") = "UnitTest", "UnitTest\UnitTest.csproj", "{A71FB0CC-7EC6-4F1D-9233-E3C6E23574B9}"
EndProject
Global
	GlobalSection(SolutionConfigurationPlatforms) = preSolution
		Debug|Any CPU = Debug|Any CPU
		Release|Any CPU = Release|Any CPU
	EndGlobalSection
	GlobalSection(ProjectConfigurationPlatforms) = postSolution
		{888D90DC-11D5-4319-8889-1233B1A2553A}.Debug|Any CPU.ActiveCfg = Debug|Any CPU
		{888D90DC-11D5-4319-8889-1233B1A2553A}.Debug|Any CPU.Build.0 = Debug|Any CPU
		{888D90DC-11D5-4319-8889-1233B1A2553A}.Release|Any CPU.ActiveCfg = Release|Any CPU
		{888D90DC-11D5-4319-8889-1233B1A2553A}.Release|Any CPU.Build.0 = Release|Any CPU
		{A71FB0CC-7EC6-4F1D-9233-E3C6E23574B9}.Debug|Any CPU.ActiveCfg = Debug|Any CPU
		{A71FB0CC-7EC6-4F1D-9233-E3C6E23574B9}.Debug|Any CPU.Build.0 = Debug|Any CPU
		{A71FB0CC-7EC6-4F1D-9233-E3C6E23574B9}.Release|Any CPU.ActiveCfg = Release|Any CPU
		{A71FB0CC-7EC6-4F1D-9233-E3C6E23574B9}.Release|Any CPU.Build.0 = Release|Any CPU
	EndGlobalSection
	GlobalSection(SolutionProperties) = preSolution
		HideSolutionNode = FALSE
	EndGlobalSection
	GlobalSection(ExtensibilityGlobals) = postSolution
		SolutionGuid = {70446CA9-062E-4DE7-9347-299D03F79B9B}
	EndGlobalSection
EndGlobal
